
Microsoft Visual Studio Solution File, Format Version 12.00
# Visual Studio Version 17
VisualStudioVersion = 17.0.32014.148
MinimumVisualStudioVersion = 10.0.40219.1
Project("{8BC9CEB8-8B4A-11D0-8D11-00A0C91BC942}") = "DHSG1", "DHSG1\DHSG1.vcxproj", "{1E141213-7ED1-4460-AC1D-0E54A03A697C}"
EndProject
Project("{8BC9CEB8-8B4A-11D0-8D11-00A0C91BC942}") = "KTLT001", "KTLT001\KTLT001.vcxproj", "{B072946F-552C-4D64-9014-28661D30CF63}"
EndProject
Project("{8BC9CEB8-8B4A-11D0-8D11-00A0C91BC942}") = "KTLT002", "KTLT002\KTLT002.vcxproj", "{F7940587-BB89-416D-B38C-3C6FF9182ADE}"
EndProject
Project("{8BC9CEB8-8B4A-11D0-8D11-00A0C91BC942}") = "KTLT003", "KTLT003\KTLT003.vcxproj", "{06A170F1-85CA-40FD-9189-AEF3A2CDED6B}"
EndProject
Global
	GlobalSection(SolutionConfigurationPlatforms) = preSolution
		Debug|x64 = Debug|x64
		Debug|x86 = Debug|x86
		Release|x64 = Release|x64
		Release|x86 = Release|x86
	EndGlobalSection
	GlobalSection(ProjectConfigurationPlatforms) = postSolution
		{1E141213-7ED1-4460-AC1D-0E54A03A697C}.Debug|x64.ActiveCfg = Debug|x64
		{1E141213-7ED1-4460-AC1D-0E54A03A697C}.Debug|x64.Build.0 = Debug|x64
		{1E141213-7ED1-4460-AC1D-0E54A03A697C}.Debug|x86.ActiveCfg = Debug|Win32
		{1E141213-7ED1-4460-AC1D-0E54A03A697C}.Debug|x86.Build.0 = Debug|Win32
		{1E141213-7ED1-4460-AC1D-0E54A03A697C}.Release|x64.ActiveCfg = Release|x64
		{1E141213-7ED1-4460-AC1D-0E54A03A697C}.Release|x64.Build.0 = Release|x64
		{1E141213-7ED1-4460-AC1D-0E54A03A697C}.Release|x86.ActiveCfg = Release|Win32
		{1E141213-7ED1-4460-AC1D-0E54A03A697C}.Release|x86.Build.0 = Release|Win32
		{B072946F-552C-4D64-9014-28661D30CF63}.Debug|x64.ActiveCfg = Debug|x64
		{B072946F-552C-4D64-9014-28661D30CF63}.Debug|x64.Build.0 = Debug|x64
		{B072946F-552C-4D64-9014-28661D30CF63}.Debug|x86.ActiveCfg = Debug|Win32
		{B072946F-552C-4D64-9014-28661D30CF63}.Debug|x86.Build.0 = Debug|Win32
		{B072946F-552C-4D64-9014-28661D30CF63}.Release|x64.ActiveCfg = Release|x64
		{B072946F-552C-4D64-9014-28661D30CF63}.Release|x64.Build.0 = Release|x64
		{B072946F-552C-4D64-9014-28661D30CF63}.Release|x86.ActiveCfg = Release|Win32
		{B072946F-552C-4D64-9014-28661D30CF63}.Release|x86.Build.0 = Release|Win32
		{F7940587-BB89-416D-B38C-3C6FF9182ADE}.Debug|x64.ActiveCfg = Debug|x64
		{F7940587-BB89-416D-B38C-3C6FF9182ADE}.Debug|x64.Build.0 = Debug|x64
		{F7940587-BB89-416D-B38C-3C6FF9182ADE}.Debug|x86.ActiveCfg = Debug|Win32
		{F7940587-BB89-416D-B38C-3C6FF9182ADE}.Debug|x86.Build.0 = Debug|Win32
		{F7940587-BB89-416D-B38C-3C6FF9182ADE}.Release|x64.ActiveCfg = Release|x64
		{F7940587-BB89-416D-B38C-3C6FF9182ADE}.Release|x64.Build.0 = Release|x64
		{F7940587-BB89-416D-B38C-3C6FF9182ADE}.Release|x86.ActiveCfg = Release|Win32
		{F7940587-BB89-416D-B38C-3C6FF9182ADE}.Release|x86.Build.0 = Release|Win32
		{06A170F1-85CA-40FD-9189-AEF3A2CDED6B}.Debug|x64.ActiveCfg = Debug|x64
		{06A170F1-85CA-40FD-9189-AEF3A2CDED6B}.Debug|x64.Build.0 = Debug|x64
		{06A170F1-85CA-40FD-9189-AEF3A2CDED6B}.Debug|x86.ActiveCfg = Debug|Win32
		{06A170F1-85CA-40FD-9189-AEF3A2CDED6B}.Debug|x86.Build.0 = Debug|Win32
		{06A170F1-85CA-40FD-9189-AEF3A2CDED6B}.Release|x64.ActiveCfg = Release|x64
		{06A170F1-85CA-40FD-9189-AEF3A2CDED6B}.Release|x64.Build.0 = Release|x64
		{06A170F1-85CA-40FD-9189-AEF3A2CDED6B}.Release|x86.ActiveCfg = Release|Win32
		{06A170F1-85CA-40FD-9189-AEF3A2CDED6B}.Release|x86.Build.0 = Release|Win32
	EndGlobalSection
	GlobalSection(SolutionProperties) = preSolution
		HideSolutionNode = FALSE
	EndGlobalSection
	GlobalSection(ExtensibilityGlobals) = postSolution
		SolutionGuid = {A05FBFC0-3F90-4342-90C5-82A296FC7806}
	EndGlobalSection
EndGlobal
